// !$*UTF8*$!
{
	archiveVersion = 1;
	classes = {
	};
	objectVersion = 51;
	objects = {

/* Begin PBXBuildFile section */
		6B4DA9100D927D9F523234D0 /* Pods_Demo.framework in Frameworks */ = {isa = PBXBuildFile; fileRef = BFDA9BB51AB80767843F1799 /* Pods_Demo.framework */; };
		89BAAEE026E114F600995678 /* AppDelegate.swift in Sources */ = {isa = PBXBuildFile; fileRef = 89BAAEDF26E114F600995678 /* AppDelegate.swift */; };
		89BAAEE426E114F600995678 /* ViewController.swift in Sources */ = {isa = PBXBuildFile; fileRef = 89BAAEE326E114F600995678 /* ViewController.swift */; };
		89BAAEE726E114F600995678 /* Main.storyboard in Resources */ = {isa = PBXBuildFile; fileRef = 89BAAEE526E114F600995678 /* Main.storyboard */; };
		89BAAEE926E114FA00995678 /* Assets.xcassets in Resources */ = {isa = PBXBuildFile; fileRef = 89BAAEE826E114FA00995678 /* Assets.xcassets */; };
		89BAAEEC26E114FA00995678 /* LaunchScreen.storyboard in Resources */ = {isa = PBXBuildFile; fileRef = 89BAAEEA26E114FA00995678 /* LaunchScreen.storyboard */; };
		89BAAEF726E114FA00995678 /* DemoTests.swift in Sources */ = {isa = PBXBuildFile; fileRef = 89BAAEF626E114FA00995678 /* DemoTests.swift */; };
		89BAAF0226E114FA00995678 /* DemoUITests.swift in Sources */ = {isa = PBXBuildFile; fileRef = 89BAAF0126E114FA00995678 /* DemoUITests.swift */; };
		89BAAF1026E1256D00995678 /* CollectionViewVC.swift in Sources */ = {isa = PBXBuildFile; fileRef = 89BAAF0F26E1256D00995678 /* CollectionViewVC.swift */; };
/* End PBXBuildFile section */

/* Begin PBXContainerItemProxy section */
		89BAAEF326E114FA00995678 /* PBXContainerItemProxy */ = {
			isa = PBXContainerItemProxy;
			containerPortal = 89BAAED426E114F600995678 /* Project object */;
			proxyType = 1;
			remoteGlobalIDString = 89BAAEDB26E114F600995678;
			remoteInfo = Demo;
		};
		89BAAEFE26E114FA00995678 /* PBXContainerItemProxy */ = {
			isa = PBXContainerItemProxy;
			containerPortal = 89BAAED426E114F600995678 /* Project object */;
			proxyType = 1;
			remoteGlobalIDString = 89BAAEDB26E114F600995678;
			remoteInfo = Demo;
		};
/* End PBXContainerItemProxy section */

/* Begin PBXFileReference section */
		294B097BCA6E1E02B39F1B51 /* Pods-Demo.debug.xcconfig */ = {isa = PBXFileReference; includeInIndex = 1; lastKnownFileType = text.xcconfig; name = "Pods-Demo.debug.xcconfig"; path = "Target Support Files/Pods-Demo/Pods-Demo.debug.xcconfig"; sourceTree = "<group>"; };
		89BAAEDC26E114F600995678 /* Demo.app */ = {isa = PBXFileReference; explicitFileType = wrapper.application; includeInIndex = 0; path = Demo.app; sourceTree = BUILT_PRODUCTS_DIR; };
		89BAAEDF26E114F600995678 /* AppDelegate.swift */ = {isa = PBXFileReference; lastKnownFileType = sourcecode.swift; path = AppDelegate.swift; sourceTree = "<group>"; };
		89BAAEE326E114F600995678 /* ViewController.swift */ = {isa = PBXFileReference; lastKnownFileType = sourcecode.swift; path = ViewController.swift; sourceTree = "<group>"; };
		89BAAEE626E114F600995678 /* Base */ = {isa = PBXFileReference; lastKnownFileType = file.storyboard; name = Base; path = Base.lproj/Main.storyboard; sourceTree = "<group>"; };
		89BAAEE826E114FA00995678 /* Assets.xcassets */ = {isa = PBXFileReference; lastKnownFileType = folder.assetcatalog; path = Assets.xcassets; sourceTree = "<group>"; };
		89BAAEEB26E114FA00995678 /* Base */ = {isa = PBXFileReference; lastKnownFileType = file.storyboard; name = Base; path = Base.lproj/LaunchScreen.storyboard; sourceTree = "<group>"; };
		89BAAEED26E114FA00995678 /* Info.plist */ = {isa = PBXFileReference; lastKnownFileType = text.plist.xml; path = Info.plist; sourceTree = "<group>"; };
		89BAAEF226E114FA00995678 /* DemoTests.xctest */ = {isa = PBXFileReference; explicitFileType = wrapper.cfbundle; includeInIndex = 0; path = DemoTests.xctest; sourceTree = BUILT_PRODUCTS_DIR; };
		89BAAEF626E114FA00995678 /* DemoTests.swift */ = {isa = PBXFileReference; lastKnownFileType = sourcecode.swift; path = DemoTests.swift; sourceTree = "<group>"; };
		89BAAEF826E114FA00995678 /* Info.plist */ = {isa = PBXFileReference; lastKnownFileType = text.plist.xml; path = Info.plist; sourceTree = "<group>"; };
		89BAAEFD26E114FA00995678 /* DemoUITests.xctest */ = {isa = PBXFileReference; explicitFileType = wrapper.cfbundle; includeInIndex = 0; path = DemoUITests.xctest; sourceTree = BUILT_PRODUCTS_DIR; };
		89BAAF0126E114FA00995678 /* DemoUITests.swift */ = {isa = PBXFileReference; lastKnownFileType = sourcecode.swift; path = DemoUITests.swift; sourceTree = "<group>"; };
		89BAAF0326E114FA00995678 /* Info.plist */ = {isa = PBXFileReference; lastKnownFileType = text.plist.xml; path = Info.plist; sourceTree = "<group>"; };
		89BAAF0F26E1256D00995678 /* CollectionViewVC.swift */ = {isa = PBXFileReference; lastKnownFileType = sourcecode.swift; path = CollectionViewVC.swift; sourceTree = "<group>"; };
		BFDA9BB51AB80767843F1799 /* Pods_Demo.framework */ = {isa = PBXFileReference; explicitFileType = wrapper.framework; includeInIndex = 0; path = Pods_Demo.framework; sourceTree = BUILT_PRODUCTS_DIR; };
		E6F91968AD4C82C4602961E2 /* Pods-Demo.release.xcconfig */ = {isa = PBXFileReference; includeInIndex = 1; lastKnownFileType = text.xcconfig; name = "Pods-Demo.release.xcconfig"; path = "Target Support Files/Pods-Demo/Pods-Demo.release.xcconfig"; sourceTree = "<group>"; };
/* End PBXFileReference section */

/* Begin PBXFrameworksBuildPhase section */
		89BAAED926E114F600995678 /* Frameworks */ = {
			isa = PBXFrameworksBuildPhase;
			buildActionMask = 2147483647;
			files = (
				6B4DA9100D927D9F523234D0 /* Pods_Demo.framework in Frameworks */,
			);
			runOnlyForDeploymentPostprocessing = 0;
		};
		89BAAEEF26E114FA00995678 /* Frameworks */ = {
			isa = PBXFrameworksBuildPhase;
			buildActionMask = 2147483647;
			files = (
			);
			runOnlyForDeploymentPostprocessing = 0;
		};
		89BAAEFA26E114FA00995678 /* Frameworks */ = {
			isa = PBXFrameworksBuildPhase;
			buildActionMask = 2147483647;
			files = (
			);
			runOnlyForDeploymentPostprocessing = 0;
		};
/* End PBXFrameworksBuildPhase section */

/* Begin PBXGroup section */
		0D463920A40EEDE9D9B1004F /* Frameworks */ = {
			isa = PBXGroup;
			children = (
				BFDA9BB51AB80767843F1799 /* Pods_Demo.framework */,
			);
			name = Frameworks;
			sourceTree = "<group>";
		};
		4FB7CBDFC054F7ED1DB4D155 /* Pods */ = {
			isa = PBXGroup;
			children = (
				294B097BCA6E1E02B39F1B51 /* Pods-Demo.debug.xcconfig */,
				E6F91968AD4C82C4602961E2 /* Pods-Demo.release.xcconfig */,
			);
			path = Pods;
			sourceTree = "<group>";
		};
		89BAAED326E114F600995678 = {
			isa = PBXGroup;
			children = (
				89BAAEDE26E114F600995678 /* Demo */,
				89BAAEF526E114FA00995678 /* DemoTests */,
				89BAAF0026E114FA00995678 /* DemoUITests */,
				89BAAEDD26E114F600995678 /* Products */,
				4FB7CBDFC054F7ED1DB4D155 /* Pods */,
				0D463920A40EEDE9D9B1004F /* Frameworks */,
			);
			sourceTree = "<group>";
		};
		89BAAEDD26E114F600995678 /* Products */ = {
			isa = PBXGroup;
			children = (
				89BAAEDC26E114F600995678 /* Demo.app */,
				89BAAEF226E114FA00995678 /* DemoTests.xctest */,
				89BAAEFD26E114FA00995678 /* DemoUITests.xctest */,
			);
			name = Products;
			sourceTree = "<group>";
		};
		89BAAEDE26E114F600995678 /* Demo */ = {
			isa = PBXGroup;
			children = (
				89BAAEDF26E114F600995678 /* AppDelegate.swift */,
				89BAAEE326E114F600995678 /* ViewController.swift */,
				89BAAF0F26E1256D00995678 /* CollectionViewVC.swift */,
				89BAAEE526E114F600995678 /* Main.storyboard */,
				89BAAEE826E114FA00995678 /* Assets.xcassets */,
				89BAAEEA26E114FA00995678 /* LaunchScreen.storyboard */,
				89BAAEED26E114FA00995678 /* Info.plist */,
			);
			path = Demo;
			sourceTree = "<group>";
		};
		89BAAEF526E114FA00995678 /* DemoTests */ = {
			isa = PBXGroup;
			children = (
				89BAAEF626E114FA00995678 /* DemoTests.swift */,
				89BAAEF826E114FA00995678 /* Info.plist */,
			);
			path = DemoTests;
			sourceTree = "<group>";
		};
		89BAAF0026E114FA00995678 /* DemoUITests */ = {
			isa = PBXGroup;
			children = (
				89BAAF0126E114FA00995678 /* DemoUITests.swift */,
				89BAAF0326E114FA00995678 /* Info.plist */,
			);
			path = DemoUITests;
			sourceTree = "<group>";
		};
/* End PBXGroup section */

/* Begin PBXNativeTarget section */
		89BAAEDB26E114F600995678 /* Demo */ = {
			isa = PBXNativeTarget;
			buildConfigurationList = 89BAAF0626E114FA00995678 /* Build configuration list for PBXNativeTarget "Demo" */;
			buildPhases = (
				DE6769F37B79F3334C1D8ACE /* [CP] Check Pods Manifest.lock */,
				89BAAED826E114F600995678 /* Sources */,
				89BAAED926E114F600995678 /* Frameworks */,
				89BAAEDA26E114F600995678 /* Resources */,
				EA00BF6A5252766CDB0F1764 /* [CP] Embed Pods Frameworks */,
			);
			buildRules = (
			);
			dependencies = (
			);
			name = Demo;
			productName = Demo;
			productReference = 89BAAEDC26E114F600995678 /* Demo.app */;
			productType = "com.apple.product-type.application";
		};
		89BAAEF126E114FA00995678 /* DemoTests */ = {
			isa = PBXNativeTarget;
			buildConfigurationList = 89BAAF0926E114FA00995678 /* Build configuration list for PBXNativeTarget "DemoTests" */;
			buildPhases = (
				89BAAEEE26E114FA00995678 /* Sources */,
				89BAAEEF26E114FA00995678 /* Frameworks */,
				89BAAEF026E114FA00995678 /* Resources */,
			);
			buildRules = (
			);
			dependencies = (
				89BAAEF426E114FA00995678 /* PBXTargetDependency */,
			);
			name = DemoTests;
			productName = DemoTests;
			productReference = 89BAAEF226E114FA00995678 /* DemoTests.xctest */;
			productType = "com.apple.product-type.bundle.unit-test";
		};
		89BAAEFC26E114FA00995678 /* DemoUITests */ = {
			isa = PBXNativeTarget;
			buildConfigurationList = 89BAAF0C26E114FA00995678 /* Build configuration list for PBXNativeTarget "DemoUITests" */;
			buildPhases = (
				89BAAEF926E114FA00995678 /* Sources */,
				89BAAEFA26E114FA00995678 /* Frameworks */,
				89BAAEFB26E114FA00995678 /* Resources */,
			);
			buildRules = (
			);
			dependencies = (
				89BAAEFF26E114FA00995678 /* PBXTargetDependency */,
			);
			name = DemoUITests;
			productName = DemoUITests;
			productReference = 89BAAEFD26E114FA00995678 /* DemoUITests.xctest */;
			productType = "com.apple.product-type.bundle.ui-testing";
		};
/* End PBXNativeTarget section */

/* Begin PBXProject section */
		89BAAED426E114F600995678 /* Project object */ = {
			isa = PBXProject;
			attributes = {
				LastSwiftUpdateCheck = 1250;
				LastUpgradeCheck = 1250;
				TargetAttributes = {
					89BAAEDB26E114F600995678 = {
						CreatedOnToolsVersion = 12.5.1;
					};
					89BAAEF126E114FA00995678 = {
						CreatedOnToolsVersion = 12.5.1;
						TestTargetID = 89BAAEDB26E114F600995678;
					};
					89BAAEFC26E114FA00995678 = {
						CreatedOnToolsVersion = 12.5.1;
						TestTargetID = 89BAAEDB26E114F600995678;
					};
				};
			};
			buildConfigurationList = 89BAAED726E114F600995678 /* Build configuration list for PBXProject "Demo" */;
			compatibilityVersion = "Xcode 9.3";
			developmentRegion = en;
			hasScannedForEncodings = 0;
			knownRegions = (
				en,
				Base,
			);
			mainGroup = 89BAAED326E114F600995678;
			productRefGroup = 89BAAEDD26E114F600995678 /* Products */;
			projectDirPath = "";
			projectRoot = "";
			targets = (
				89BAAEDB26E114F600995678 /* Demo */,
				89BAAEF126E114FA00995678 /* DemoTests */,
				89BAAEFC26E114FA00995678 /* DemoUITests */,
			);
		};
/* End PBXProject section */

/* Begin PBXResourcesBuildPhase section */
		89BAAEDA26E114F600995678 /* Resources */ = {
			isa = PBXResourcesBuildPhase;
			buildActionMask = 2147483647;
			files = (
				89BAAEEC26E114FA00995678 /* LaunchScreen.storyboard in Resources */,
				89BAAEE926E114FA00995678 /* Assets.xcassets in Resources */,
				89BAAEE726E114F600995678 /* Main.storyboard in Resources */,
			);
			runOnlyForDeploymentPostprocessing = 0;
		};
		89BAAEF026E114FA00995678 /* Resources */ = {
			isa = PBXResourcesBuildPhase;
			buildActionMask = 2147483647;
			files = (
			);
			runOnlyForDeploymentPostprocessing = 0;
		};
		89BAAEFB26E114FA00995678 /* Resources */ = {
			isa = PBXResourcesBuildPhase;
			buildActionMask = 2147483647;
			files = (
			);
			runOnlyForDeploymentPostprocessing = 0;
		};
/* End PBXResourcesBuildPhase section */

/* Begin PBXShellScriptBuildPhase section */
		DE6769F37B79F3334C1D8ACE /* [CP] Check Pods Manifest.lock */ = {
			isa = PBXShellScriptBuildPhase;
			buildActionMask = 2147483647;
			files = (
			);
			inputFileListPaths = (
			);
			inputPaths = (
				"${PODS_PODFILE_DIR_PATH}/Podfile.lock",
				"${PODS_ROOT}/Manifest.lock",
			);
			name = "[CP] Check Pods Manifest.lock";
			outputFileListPaths = (
			);
			outputPaths = (
				"$(DERIVED_FILE_DIR)/Pods-Demo-checkManifestLockResult.txt",
			);
			runOnlyForDeploymentPostprocessing = 0;
			shellPath = /bin/sh;
			shellScript = "diff \"${PODS_PODFILE_DIR_PATH}/Podfile.lock\" \"${PODS_ROOT}/Manifest.lock\" > /dev/null\nif [ $? != 0 ] ; then\n    # print error to STDERR\n    echo \"error: The sandbox is not in sync with the Podfile.lock. Run 'pod install' or update your CocoaPods installation.\" >&2\n    exit 1\nfi\n# This output is used by Xcode 'outputs' to avoid re-running this script phase.\necho \"SUCCESS\" > \"${SCRIPT_OUTPUT_FILE_0}\"\n";
			showEnvVarsInLog = 0;
		};
		EA00BF6A5252766CDB0F1764 /* [CP] Embed Pods Frameworks */ = {
			isa = PBXShellScriptBuildPhase;
			buildActionMask = 2147483647;
			files = (
			);
			inputFileListPaths = (
				"${PODS_ROOT}/Target Support Files/Pods-Demo/Pods-Demo-frameworks-${CONFIGURATION}-input-files.xcfilelist",
			);
			name = "[CP] Embed Pods Frameworks";
			outputFileListPaths = (
				"${PODS_ROOT}/Target Support Files/Pods-Demo/Pods-Demo-frameworks-${CONFIGURATION}-output-files.xcfilelist",
			);
			runOnlyForDeploymentPostprocessing = 0;
			shellPath = /bin/sh;
			shellScript = "\"${PODS_ROOT}/Target Support Files/Pods-Demo/Pods-Demo-frameworks.sh\"\n";
			showEnvVarsInLog = 0;
		};
/* End PBXShellScriptBuildPhase section */

/* Begin PBXSourcesBuildPhase section */
		89BAAED826E114F600995678 /* Sources */ = {
			isa = PBXSourcesBuildPhase;
			buildActionMask = 2147483647;
			files = (
				89BAAEE426E114F600995678 /* ViewController.swift in Sources */,
				89BAAEE026E114F600995678 /* AppDelegate.swift in Sources */,
				89BAAF1026E1256D00995678 /* CollectionViewVC.swift in Sources */,
			);
			runOnlyForDeploymentPostprocessing = 0;
		};
		89BAAEEE26E114FA00995678 /* Sources */ = {
			isa = PBXSourcesBuildPhase;
			buildActionMask = 2147483647;
			files = (
				89BAAEF726E114FA00995678 /* DemoTests.swift in Sources */,
			);
			runOnlyForDeploymentPostprocessing = 0;
		};
		89BAAEF926E114FA00995678 /* Sources */ = {
			isa = PBXSourcesBuildPhase;
			buildActionMask = 2147483647;
			files = (
				89BAAF0226E114FA00995678 /* DemoUITests.swift in Sources */,
			);
			runOnlyForDeploymentPostprocessing = 0;
		};
/* End PBXSourcesBuildPhase section */

/* Begin PBXTargetDependency section */
		89BAAEF426E114FA00995678 /* PBXTargetDependency */ = {
			isa = PBXTargetDependency;
			target = 89BAAEDB26E114F600995678 /* Demo */;
			targetProxy = 89BAAEF326E114FA00995678 /* PBXContainerItemProxy */;
		};
		89BAAEFF26E114FA00995678 /* PBXTargetDependency */ = {
			isa = PBXTargetDependency;
			target = 89BAAEDB26E114F600995678 /* Demo */;
			targetProxy = 89BAAEFE26E114FA00995678 /* PBXContainerItemProxy */;
		};
/* End PBXTargetDependency section */

/* Begin PBXVariantGroup section */
		89BAAEE526E114F600995678 /* Main.storyboard */ = {
			isa = PBXVariantGroup;
			children = (
				89BAAEE626E114F600995678 /* Base */,
			);
			name = Main.storyboard;
			sourceTree = "<group>";
		};
		89BAAEEA26E114FA00995678 /* LaunchScreen.storyboard */ = {
			isa = PBXVariantGroup;
			children = (
				89BAAEEB26E114FA00995678 /* Base */,
			);
			name = LaunchScreen.storyboard;
			sourceTree = "<group>";
		};
/* End PBXVariantGroup section */

/* Begin XCBuildConfiguration section */
		89BAAF0426E114FA00995678 /* Debug */ = {
			isa = XCBuildConfiguration;
			buildSettings = {
				ALWAYS_SEARCH_USER_PATHS = NO;
				CLANG_ANALYZER_NONNULL = YES;
				CLANG_ANALYZER_NUMBER_OBJECT_CONVERSION = YES_AGGRESSIVE;
				CLANG_CXX_LANGUAGE_STANDARD = "gnu++14";
				CLANG_CXX_LIBRARY = "libc++";
				CLANG_ENABLE_MODULES = YES;
				CLANG_ENABLE_OBJC_ARC = YES;
				CLANG_ENABLE_OBJC_WEAK = YES;
				CLANG_WARN_BLOCK_CAPTURE_AUTORELEASING = YES;
				CLANG_WARN_BOOL_CONVERSION = YES;
				CLANG_WARN_COMMA = YES;
				CLANG_WARN_CONSTANT_CONVERSION = YES;
				CLANG_WARN_DEPRECATED_OBJC_IMPLEMENTATIONS = YES;
				CLANG_WARN_DIRECT_OBJC_ISA_USAGE = YES_ERROR;
				CLANG_WARN_DOCUMENTATION_COMMENTS = YES;
				CLANG_WARN_EMPTY_BODY = YES;
				CLANG_WARN_ENUM_CONVERSION = YES;
				CLANG_WARN_INFINITE_RECURSION = YES;
				CLANG_WARN_INT_CONVERSION = YES;
				CLANG_WARN_NON_LITERAL_NULL_CONVERSION = YES;
				CLANG_WARN_OBJC_IMPLICIT_RETAIN_SELF = YES;
				CLANG_WARN_OBJC_LITERAL_CONVERSION = YES;
				CLANG_WARN_OBJC_ROOT_CLASS = YES_ERROR;
				CLANG_WARN_QUOTED_INCLUDE_IN_FRAMEWORK_HEADER = YES;
				CLANG_WARN_RANGE_LOOP_ANALYSIS = YES;
				CLANG_WARN_STRICT_PROTOTYPES = YES;
				CLANG_WARN_SUSPICIOUS_MOVE = YES;
				CLANG_WARN_UNGUARDED_AVAILABILITY = YES_AGGRESSIVE;
				CLANG_WARN_UNREACHABLE_CODE = YES;
				CLANG_WARN__DUPLICATE_METHOD_MATCH = YES;
				COPY_PHASE_STRIP = NO;
				DEBUG_INFORMATION_FORMAT = dwarf;
				ENABLE_STRICT_OBJC_MSGSEND = YES;
				ENABLE_TESTABILITY = YES;
				GCC_C_LANGUAGE_STANDARD = gnu11;
				GCC_DYNAMIC_NO_PIC = NO;
				GCC_NO_COMMON_BLOCKS = YES;
				GCC_OPTIMIZATION_LEVEL = 0;
				GCC_PREPROCESSOR_DEFINITIONS = (
					"DEBUG=1",
					"$(inherited)",
				);
				GCC_WARN_64_TO_32_BIT_CONVERSION = YES;
				GCC_WARN_ABOUT_RETURN_TYPE = YES_ERROR;
				GCC_WARN_UNDECLARED_SELECTOR = YES;
				GCC_WARN_UNINITIALIZED_AUTOS = YES_AGGRESSIVE;
				GCC_WARN_UNUSED_FUNCTION = YES;
				GCC_WARN_UNUSED_VARIABLE = YES;
				IPHONEOS_DEPLOYMENT_TARGET = 14.5;
				MTL_ENABLE_DEBUG_INFO = INCLUDE_SOURCE;
				MTL_FAST_MATH = YES;
				ONLY_ACTIVE_ARCH = YES;
				SDKROOT = iphoneos;
				SWIFT_ACTIVE_COMPILATION_CONDITIONS = DEBUG;
				SWIFT_OPTIMIZATION_LEVEL = "-Onone";
			};
			name = Debug;
		};
		89BAAF0526E114FA00995678 /* Release */ = {
			isa = XCBuildConfiguration;
			buildSettings = {
				ALWAYS_SEARCH_USER_PATHS = NO;
				CLANG_ANALYZER_NONNULL = YES;
				CLANG_ANALYZER_NUMBER_OBJECT_CONVERSION = YES_AGGRESSIVE;
				CLANG_CXX_LANGUAGE_STANDARD = "gnu++14";
				CLANG_CXX_LIBRARY = "libc++";
				CLANG_ENABLE_MODULES = YES;
				CLANG_ENABLE_OBJC_ARC = YES;
				CLANG_ENABLE_OBJC_WEAK = YES;
				CLANG_WARN_BLOCK_CAPTURE_AUTORELEASING = YES;
				CLANG_WARN_BOOL_CONVERSION = YES;
				CLANG_WARN_COMMA = YES;
				CLANG_WARN_CONSTANT_CONVERSION = YES;
				CLANG_WARN_DEPRECATED_OBJC_IMPLEMENTATIONS = YES;
				CLANG_WARN_DIRECT_OBJC_ISA_USAGE = YES_ERROR;
				CLANG_WARN_DOCUMENTATION_COMMENTS = YES;
				CLANG_WARN_EMPTY_BODY = YES;
				CLANG_WARN_ENUM_CONVERSION = YES;
				CLANG_WARN_INFINITE_RECURSION = YES;
				CLANG_WARN_INT_CONVERSION = YES;
				CLANG_WARN_NON_LITERAL_NULL_CONVERSION = YES;
				CLANG_WARN_OBJC_IMPLICIT_RETAIN_SELF = YES;
				CLANG_WARN_OBJC_LITERAL_CONVERSION = YES;
				CLANG_WARN_OBJC_ROOT_CLASS = YES_ERROR;
				CLANG_WARN_QUOTED_INCLUDE_IN_FRAMEWORK_HEADER = YES;
				CLANG_WARN_RANGE_LOOP_ANALYSIS = YES;
				CLANG_WARN_STRICT_PROTOTYPES = YES;
				CLANG_WARN_SUSPICIOUS_MOVE = YES;
				CLANG_WARN_UNGUARDED_AVAILABILITY = YES_AGGRESSIVE;
				CLANG_WARN_UNREACHABLE_CODE = YES;
				CLANG_WARN__DUPLICATE_METHOD_MATCH = YES;
				COPY_PHASE_STRIP = NO;
				DEBUG_INFORMATION_FORMAT = "dwarf-with-dsym";
				ENABLE_NS_ASSERTIONS = NO;
				ENABLE_STRICT_OBJC_MSGSEND = YES;
				GCC_C_LANGUAGE_STANDARD = gnu11;
				GCC_NO_COMMON_BLOCKS = YES;
				GCC_WARN_64_TO_32_BIT_CONVERSION = YES;
				GCC_WARN_ABOUT_RETURN_TYPE = YES_ERROR;
				GCC_WARN_UNDECLARED_SELECTOR = YES;
				GCC_WARN_UNINITIALIZED_AUTOS = YES_AGGRESSIVE;
				GCC_WARN_UNUSED_FUNCTION = YES;
				GCC_WARN_UNUSED_VARIABLE = YES;
				IPHONEOS_DEPLOYMENT_TARGET = 14.5;
				MTL_ENABLE_DEBUG_INFO = NO;
				MTL_FAST_MATH = YES;
				SDKROOT = iphoneos;
				SWIFT_COMPILATION_MODE = wholemodule;
				SWIFT_OPTIMIZATION_LEVEL = "-O";
				VALIDATE_PRODUCT = YES;
			};
			name = Release;
		};
		89BAAF0726E114FA00995678 /* Debug */ = {
			isa = XCBuildConfiguration;
			baseConfigurationReference = 294B097BCA6E1E02B39F1B51 /* Pods-Demo.debug.xcconfig */;
			buildSettings = {
				ASSETCATALOG_COMPILER_APPICON_NAME = AppIcon;
				ASSETCATALOG_COMPILER_GLOBAL_ACCENT_COLOR_NAME = AccentColor;
				CODE_SIGN_STYLE = Automatic;
				DEVELOPMENT_TEAM = 926YYH3C3W;
				INFOPLIST_FILE = Demo/Info.plist;
				IPHONEOS_DEPLOYMENT_TARGET = 11.0;
				LD_RUNPATH_SEARCH_PATHS = (
					"$(inherited)",
					"@executable_path/Frameworks",
				);
				PRODUCT_BUNDLE_IDENTIFIER = com.you.Demo;
				PRODUCT_NAME = "$(TARGET_NAME)";
				SWIFT_VERSION = 5.0;
				TARGETED_DEVICE_FAMILY = "1,2";
			};
			name = Debug;
		};
		89BAAF0826E114FA00995678 /* Release */ = {
			isa = XCBuildConfiguration;
			baseConfigurationReference = E6F91968AD4C82C4602961E2 /* Pods-Demo.release.xcconfig */;
			buildSettings = {
				ASSETCATALOG_COMPILER_APPICON_NAME = AppIcon;
				ASSETCATALOG_COMPILER_GLOBAL_ACCENT_COLOR_NAME = AccentColor;
				CODE_SIGN_STYLE = Automatic;
				DEVELOPMENT_TEAM = 926YYH3C3W;
				INFOPLIST_FILE = Demo/Info.plist;
				IPHONEOS_DEPLOYMENT_TARGET = 11.0;
				LD_RUNPATH_SEARCH_PATHS = (
					"$(inherited)",
					"@executable_path/Frameworks",
				);
				PRODUCT_BUNDLE_IDENTIFIER = com.you.Demo;
				PRODUCT_NAME = "$(TARGET_NAME)";
				SWIFT_VERSION = 5.0;
				TARGETED_DEVICE_FAMILY = "1,2";
			};
			name = Release;
		};
		89BAAF0A26E114FA00995678 /* Debug */ = {
			isa = XCBuildConfiguration;
			buildSettings = {
				ALWAYS_EMBED_SWIFT_STANDARD_LIBRARIES = YES;
				BUNDLE_LOADER = "$(TEST_HOST)";
				CODE_SIGN_STYLE = Automatic;
				DEVELOPMENT_TEAM = 926YYH3C3W;
				INFOPLIST_FILE = DemoTests/Info.plist;
				IPHONEOS_DEPLOYMENT_TARGET = 14.5;
				LD_RUNPATH_SEARCH_PATHS = (
					"$(inherited)",
					"@executable_path/Frameworks",
					"@loader_path/Frameworks",
				);
				PRODUCT_BUNDLE_IDENTIFIER = com.you.DemoTests;
				PRODUCT_NAME = "$(TARGET_NAME)";
				SWIFT_VERSION = 5.0;
				TARGETED_DEVICE_FAMILY = "1,2";
				TEST_HOST = "$(BUILT_PRODUCTS_DIR)/Demo.app/Demo";
			};
			name = Debug;
		};
		89BAAF0B26E114FA00995678 /* Release */ = {
			isa = XCBuildConfiguration;
			buildSettings = {
				ALWAYS_EMBED_SWIFT_STANDARD_LIBRARIES = YES;
				BUNDLE_LOADER = "$(TEST_HOST)";
				CODE_SIGN_STYLE = Automatic;
				DEVELOPMENT_TEAM = 926YYH3C3W;
				INFOPLIST_FILE = DemoTests/Info.plist;
				IPHONEOS_DEPLOYMENT_TARGET = 14.5;
				LD_RUNPATH_SEARCH_PATHS = (
					"$(inherited)",
					"@executable_path/Frameworks",
					"@loader_path/Frameworks",
				);
				PRODUCT_BUNDLE_IDENTIFIER = com.you.DemoTests;
				PRODUCT_NAME = "$(TARGET_NAME)";
				SWIFT_VERSION = 5.0;
				TARGETED_DEVICE_FAMILY = "1,2";
				TEST_HOST = "$(BUILT_PRODUCTS_DIR)/Demo.app/Demo";
			};
			name = Release;
		};
		89BAAF0D26E114FA00995678 /* Debug */ = {
			isa = XCBuildConfiguration;
			buildSettings = {
				ALWAYS_EMBED_SWIFT_STANDARD_LIBRARIES = YES;
				CODE_SIGN_STYLE = Automatic;
				DEVELOPMENT_TEAM = 926YYH3C3W;
				INFOPLIST_FILE = DemoUITests/Info.plist;
				LD_RUNPATH_SEARCH_PATHS = (
					"$(inherited)",
					"@executable_path/Frameworks",
					"@loader_path/Frameworks",
				);
				PRODUCT_BUNDLE_IDENTIFIER = com.you.DemoUITests;
				PRODUCT_NAME = "$(TARGET_NAME)";
				SWIFT_VERSION = 5.0;
				TARGETED_DEVICE_FAMILY = "1,2";
				TEST_TARGET_NAME = Demo;
			};
			name = Debug;
		};
		89BAAF0E26E114FA00995678 /* Release */ = {
			isa = XCBuildConfiguration;
			buildSettings = {
				ALWAYS_EMBED_SWIFT_STANDARD_LIBRARIES = YES;
				CODE_SIGN_STYLE = Automatic;
				DEVELOPMENT_TEAM = 926YYH3C3W;
				INFOPLIST_FILE = DemoUITests/Info.plist;
				LD_RUNPATH_SEARCH_PATHS = (
					"$(inherited)",
					"@executable_path/Frameworks",
					"@loader_path/Frameworks",
				);
				PRODUCT_BUNDLE_IDENTIFIER = com.you.DemoUITests;
				PRODUCT_NAME = "$(TARGET_NAME)";
				SWIFT_VERSION = 5.0;
				TARGETED_DEVICE_FAMILY = "1,2";
				TEST_TARGET_NAME = Demo;
			};
			name = Release;
		};
/* End XCBuildConfiguration section */

/* Begin XCConfigurationList section */
		89BAAED726E114F600995678 /* Build configuration list for PBXProject "Demo" */ = {
			isa = XCConfigurationList;
			buildConfigurations = (
				89BAAF0426E114FA00995678 /* Debug */,
				89BAAF0526E114FA00995678 /* Release */,
			);
			defaultConfigurationIsVisible = 0;
			defaultConfigurationName = Release;
		};
		89BAAF0626E114FA00995678 /* Build configuration list for PBXNativeTarget "Demo" */ = {
			isa = XCConfigurationList;
			buildConfigurations = (
				89BAAF0726E114FA00995678 /* Debug */,
				89BAAF0826E114FA00995678 /* Release */,
			);
			defaultConfigurationIsVisible = 0;
			defaultConfigurationName = Release;
		};
		89BAAF0926E114FA00995678 /* Build configuration list for PBXNativeTarget "DemoTests" */ = {
			isa = XCConfigurationList;
			buildConfigurations = (
				89BAAF0A26E114FA00995678 /* Debug */,
				89BAAF0B26E114FA00995678 /* Release */,
			);
			defaultConfigurationIsVisible = 0;
			defaultConfigurationName = Release;
		};
		89BAAF0C26E114FA00995678 /* Build configuration list for PBXNativeTarget "DemoUITests" */ = {
			isa = XCConfigurationList;
			buildConfigurations = (
				89BAAF0D26E114FA00995678 /* Debug */,
				89BAAF0E26E114FA00995678 /* Release */,
			);
			defaultConfigurationIsVisible = 0;
			defaultConfigurationName = Release;
		};
/* End XCConfigurationList section */
	};
	rootObject = 89BAAED426E114F600995678 /* Project object */;
}
