PODS:
  - Kingfisher (6.3.1)
  - XYBaseListView (0.0.8)

DEPENDENCIES:
  - Kingfisher
  - XYBaseListView (from `../`)

SPEC REPOS:
  trunk:
    - Kingfisher

EXTERNAL SOURCES:
  XYBaseListView:
    :path: "../"

SPEC CHECKSUMS:
  Kingfisher: 016c8b653a35add51dd34a3aba36b580041acc74
  XYBaseListView: 2bd9e6c7aed4560e7ea7256929397b8c5d4ec282

PODFILE CHECKSUM: 00a3e86d36340f0fe6b0b70fe68ba500644c421d

COCOAPODS: 1.11.2
